
Microsoft Visual Studio Solution File, Format Version 12.00
# Visual Studio Version 17
VisualStudioVersion = 17.2.32616.157
MinimumVisualStudioVersion = 10.0.40219.1
Project("{FAE04EC0-301F-11D3-BF4B-00C04F79EFBC}") = "Matricula.API", "Matricula.API\Matricula.API.csproj", "{09BF12C3-A3C2-4F35-9B80-BFDE015F1400}"
EndProject
Project("{FAE04EC0-301F-11D3-BF4B-00C04F79EFBC}") = "Matricula.Domain", "Matricula.Domain\Matricula.Domain.csproj", "{7568519E-A9BB-40FC-97E8-5A697214FACA}"
EndProject
Project("{FAE04EC0-301F-11D3-BF4B-00C04F79EFBC}") = "Matricula.Infrastructure", "Matricula.Infrastructure\Matricula.Infrastructure.csproj", "{5B99F72A-B1CB-4A0F-87A5-A3A0F00C5BC1}"
EndProject
Project("{FAE04EC0-301F-11D3-BF4B-00C04F79EFBC}") = "Matricula.CrossCutting", "Matricula.CrossCutting\Matricula.CrossCutting.csproj", "{F668CB14-23EE-43F5-8CB0-396E2A0A614A}"
EndProject
Project("{FAE04EC0-301F-11D3-BF4B-00C04F79EFBC}") = "Matricula.Application", "Matricula.Application\Matricula.Application.csproj", "{C145ED33-3508-4142-9410-9E22675E7F11}"
EndProject
Global
	GlobalSection(SolutionConfigurationPlatforms) = preSolution
		Debug|Any CPU = Debug|Any CPU
		Release|Any CPU = Release|Any CPU
	EndGlobalSection
	GlobalSection(ProjectConfigurationPlatforms) = postSolution
		{09BF12C3-A3C2-4F35-9B80-BFDE015F1400}.Debug|Any CPU.ActiveCfg = Debug|Any CPU
		{09BF12C3-A3C2-4F35-9B80-BFDE015F1400}.Debug|Any CPU.Build.0 = Debug|Any CPU
		{09BF12C3-A3C2-4F35-9B80-BFDE015F1400}.Release|Any CPU.ActiveCfg = Release|Any CPU
		{09BF12C3-A3C2-4F35-9B80-BFDE015F1400}.Release|Any CPU.Build.0 = Release|Any CPU
		{7568519E-A9BB-40FC-97E8-5A697214FACA}.Debug|Any CPU.ActiveCfg = Debug|Any CPU
		{7568519E-A9BB-40FC-97E8-5A697214FACA}.Debug|Any CPU.Build.0 = Debug|Any CPU
		{7568519E-A9BB-40FC-97E8-5A697214FACA}.Release|Any CPU.ActiveCfg = Release|Any CPU
		{7568519E-A9BB-40FC-97E8-5A697214FACA}.Release|Any CPU.Build.0 = Release|Any CPU
		{5B99F72A-B1CB-4A0F-87A5-A3A0F00C5BC1}.Debug|Any CPU.ActiveCfg = Debug|Any CPU
		{5B99F72A-B1CB-4A0F-87A5-A3A0F00C5BC1}.Debug|Any CPU.Build.0 = Debug|Any CPU
		{5B99F72A-B1CB-4A0F-87A5-A3A0F00C5BC1}.Release|Any CPU.ActiveCfg = Release|Any CPU
		{5B99F72A-B1CB-4A0F-87A5-A3A0F00C5BC1}.Release|Any CPU.Build.0 = Release|Any CPU
		{F668CB14-23EE-43F5-8CB0-396E2A0A614A}.Debug|Any CPU.ActiveCfg = Debug|Any CPU
		{F668CB14-23EE-43F5-8CB0-396E2A0A614A}.Debug|Any CPU.Build.0 = Debug|Any CPU
		{F668CB14-23EE-43F5-8CB0-396E2A0A614A}.Release|Any CPU.ActiveCfg = Release|Any CPU
		{F668CB14-23EE-43F5-8CB0-396E2A0A614A}.Release|Any CPU.Build.0 = Release|Any CPU
		{C145ED33-3508-4142-9410-9E22675E7F11}.Debug|Any CPU.ActiveCfg = Debug|Any CPU
		{C145ED33-3508-4142-9410-9E22675E7F11}.Debug|Any CPU.Build.0 = Debug|Any CPU
		{C145ED33-3508-4142-9410-9E22675E7F11}.Release|Any CPU.ActiveCfg = Release|Any CPU
		{C145ED33-3508-4142-9410-9E22675E7F11}.Release|Any CPU.Build.0 = Release|Any CPU
	EndGlobalSection
	GlobalSection(SolutionProperties) = preSolution
		HideSolutionNode = FALSE
	EndGlobalSection
	GlobalSection(ExtensibilityGlobals) = postSolution
		SolutionGuid = {BE2770F6-E766-4A9E-AE46-0AD47228BCBC}
	EndGlobalSection
EndGlobal
